
Microsoft Visual Studio Solution File, Format Version 12.00
# Visual Studio Version 17
VisualStudioVersion = 17.5.33414.496
MinimumVisualStudioVersion = 10.0.40219.1
Project("{FAE04EC0-301F-11D3-BF4B-00C04F79EFBC}") = "e2", "e2\e2.csproj", "{971CFEB2-E03E-48D0-A187-A5EF7729680C}"
EndProject
Global
	GlobalSection(SolutionConfigurationPlatforms) = preSolution
		Debug|Any CPU = Debug|Any CPU
		Release|Any CPU = Release|Any CPU
	EndGlobalSection
	GlobalSection(ProjectConfigurationPlatforms) = postSolution
		{971CFEB2-E03E-48D0-A187-A5EF7729680C}.Debug|Any CPU.ActiveCfg = Debug|Any CPU
		{971CFEB2-E03E-48D0-A187-A5EF7729680C}.Debug|Any CPU.Build.0 = Debug|Any CPU
		{971CFEB2-E03E-48D0-A187-A5EF7729680C}.Release|Any CPU.ActiveCfg = Release|Any CPU
		{971CFEB2-E03E-48D0-A187-A5EF7729680C}.Release|Any CPU.Build.0 = Release|Any CPU
	EndGlobalSection
	GlobalSection(SolutionProperties) = preSolution
		HideSolutionNode = FALSE
	EndGlobalSection
	GlobalSection(ExtensibilityGlobals) = postSolution
		SolutionGuid = {F45F8684-3AE1-47A3-9D62-BC4464FC43AE}
	EndGlobalSection
EndGlobal
