
Microsoft Visual Studio Solution File, Format Version 12.00
# Visual Studio Version 17
VisualStudioVersion = 17.5.33414.496
MinimumVisualStudioVersion = 10.0.40219.1
Project("{FAE04EC0-301F-11D3-BF4B-00C04F79EFBC}") = "Crawler", "Crawler\Crawler.csproj", "{2510B0C0-2DEB-4A80-BCDB-DCD674EFBD02}"
EndProject
Global
	GlobalSection(SolutionConfigurationPlatforms) = preSolution
		Debug|Any CPU = Debug|Any CPU
		Release|Any CPU = Release|Any CPU
	EndGlobalSection
	GlobalSection(ProjectConfigurationPlatforms) = postSolution
		{2510B0C0-2DEB-4A80-BCDB-DCD674EFBD02}.Debug|Any CPU.ActiveCfg = Debug|Any CPU
		{2510B0C0-2DEB-4A80-BCDB-DCD674EFBD02}.Debug|Any CPU.Build.0 = Debug|Any CPU
		{2510B0C0-2DEB-4A80-BCDB-DCD674EFBD02}.Release|Any CPU.ActiveCfg = Release|Any CPU
		{2510B0C0-2DEB-4A80-BCDB-DCD674EFBD02}.Release|Any CPU.Build.0 = Release|Any CPU
	EndGlobalSection
	GlobalSection(SolutionProperties) = preSolution
		HideSolutionNode = FALSE
	EndGlobalSection
	GlobalSection(ExtensibilityGlobals) = postSolution
		SolutionGuid = {D4730CF2-04CD-40CE-A9AA-70C1DCBB6A54}
	EndGlobalSection
EndGlobal
